// !$*UTF8*$!
{
	archiveVersion = 1;
	classes = {
	};
	objectVersion = 46;
	objects = {

/* Begin PBXBuildFile section */
		FC65B20B1C451BF600B71747 /* AppDelegate.swift in Sources */ = {isa = PBXBuildFile; fileRef = FC65B20A1C451BF600B71747 /* AppDelegate.swift */; };
		FC65B20D1C451BF600B71747 /* ViewController.swift in Sources */ = {isa = PBXBuildFile; fileRef = FC65B20C1C451BF600B71747 /* ViewController.swift */; };
		FC65B20F1C451BF600B71747 /* Assets.xcassets in Resources */ = {isa = PBXBuildFile; fileRef = FC65B20E1C451BF600B71747 /* Assets.xcassets */; };
		FC65B2121C451BF600B71747 /* Main.storyboard in Resources */ = {isa = PBXBuildFile; fileRef = FC65B2101C451BF600B71747 /* Main.storyboard */; };
/* End PBXBuildFile section */

/* Begin PBXFileReference section */
		FC65B2081C451BF600B71747 /* Video Conversion Toggler.app */ = {isa = PBXFileReference; explicitFileType = wrapper.application; includeInIndex = 0; path = "Video Conversion Toggler.app"; sourceTree = BUILT_PRODUCTS_DIR; };
		FC65B20A1C451BF600B71747 /* AppDelegate.swift */ = {isa = PBXFileReference; lastKnownFileType = sourcecode.swift; path = AppDelegate.swift; sourceTree = "<group>"; };
		FC65B20C1C451BF600B71747 /* ViewController.swift */ = {isa = PBXFileReference; lastKnownFileType = sourcecode.swift; path = ViewController.swift; sourceTree = "<group>"; };
		FC65B20E1C451BF600B71747 /* Assets.xcassets */ = {isa = PBXFileReference; lastKnownFileType = folder.assetcatalog; path = Assets.xcassets; sourceTree = "<group>"; };
		FC65B2111C451BF600B71747 /* Base */ = {isa = PBXFileReference; lastKnownFileType = file.storyboard; name = Base; path = Base.lproj/Main.storyboard; sourceTree = "<group>"; };
		FC65B2131C451BF600B71747 /* Info.plist */ = {isa = PBXFileReference; lastKnownFileType = text.plist.xml; path = Info.plist; sourceTree = "<group>"; };
		FC71104A1C3AA8F6002755E4 /* main.swift */ = {isa = PBXFileReference; lastKnownFileType = sourcecode.swift; path = main.swift; sourceTree = "<group>"; };
/* End PBXFileReference section */

/* Begin PBXFrameworksBuildPhase section */
		FC65B2051C451BF600B71747 /* Frameworks */ = {
			isa = PBXFrameworksBuildPhase;
			buildActionMask = 2147483647;
			files = (
			);
			runOnlyForDeploymentPostprocessing = 0;
		};
/* End PBXFrameworksBuildPhase section */

/* Begin PBXGroup section */
		FC65B2091C451BF600B71747 /* OS X */ = {
			isa = PBXGroup;
			children = (
				FC65B20A1C451BF600B71747 /* AppDelegate.swift */,
				FC65B20C1C451BF600B71747 /* ViewController.swift */,
				FC65B20E1C451BF600B71747 /* Assets.xcassets */,
				FC65B2101C451BF600B71747 /* Main.storyboard */,
				FC65B2131C451BF600B71747 /* Info.plist */,
			);
			path = "OS X";
			sourceTree = "<group>";
		};
		FC71103C1C3AA6B1002755E4 = {
			isa = PBXGroup;
			children = (
				FC7110491C3AA8F6002755E4 /* OS X Command Line */,
				FC65B2091C451BF600B71747 /* OS X */,
				FC7110481C3AA8F6002755E4 /* Products */,
			);
			sourceTree = "<group>";
		};
		FC7110481C3AA8F6002755E4 /* Products */ = {
			isa = PBXGroup;
			children = (
				FC65B2081C451BF600B71747 /* Video Conversion Toggler.app */,
			);
			name = Products;
			sourceTree = "<group>";
		};
		FC7110491C3AA8F6002755E4 /* OS X Command Line */ = {
			isa = PBXGroup;
			children = (
				FC71104A1C3AA8F6002755E4 /* main.swift */,
			);
			path = "OS X Command Line";
			sourceTree = "<group>";
		};
/* End PBXGroup section */

/* Begin PBXNativeTarget section */
		FC65B2071C451BF600B71747 /* Video Conversion Toggler (OS X) */ = {
			isa = PBXNativeTarget;
			buildConfigurationList = FC65B2141C451BF600B71747 /* Build configuration list for PBXNativeTarget "Video Conversion Toggler (OS X)" */;
			buildPhases = (
				FC65B2041C451BF600B71747 /* Sources */,
				FC65B2051C451BF600B71747 /* Frameworks */,
				FC65B2061C451BF600B71747 /* Resources */,
			);
			buildRules = (
			);
			dependencies = (
			);
			name = "Video Conversion Toggler (OS X)";
			productName = "Video Conversion Toggler";
			productReference = FC65B2081C451BF600B71747 /* Video Conversion Toggler.app */;
			productType = "com.apple.product-type.application";
		};
/* End PBXNativeTarget section */

/* Begin PBXProject section */
		FC71103D1C3AA6B1002755E4 /* Project object */ = {
			isa = PBXProject;
			attributes = {
				LastSwiftUpdateCheck = 0720;
				LastUpgradeCheck = 0720;
				TargetAttributes = {
					FC65B2071C451BF600B71747 = {
						CreatedOnToolsVersion = 7.2;
					};
				};
			};
			buildConfigurationList = FC7110401C3AA6B1002755E4 /* Build configuration list for PBXProject "Video Conversion Toggler" */;
			compatibilityVersion = "Xcode 3.2";
			developmentRegion = English;
			hasScannedForEncodings = 0;
			knownRegions = (
				en,
				Base,
			);
			mainGroup = FC71103C1C3AA6B1002755E4;
			productRefGroup = FC7110481C3AA8F6002755E4 /* Products */;
			projectDirPath = "";
			projectRoot = "";
			targets = (
				FC65B2071C451BF600B71747 /* Video Conversion Toggler (OS X) */,
			);
		};
/* End PBXProject section */

/* Begin PBXResourcesBuildPhase section */
		FC65B2061C451BF600B71747 /* Resources */ = {
			isa = PBXResourcesBuildPhase;
			buildActionMask = 2147483647;
			files = (
				FC65B20F1C451BF600B71747 /* Assets.xcassets in Resources */,
				FC65B2121C451BF600B71747 /* Main.storyboard in Resources */,
			);
			runOnlyForDeploymentPostprocessing = 0;
		};
/* End PBXResourcesBuildPhase section */

/* Begin PBXSourcesBuildPhase section */
		FC65B2041C451BF600B71747 /* Sources */ = {
			isa = PBXSourcesBuildPhase;
			buildActionMask = 2147483647;
			files = (
				FC65B20D1C451BF600B71747 /* ViewController.swift in Sources */,
				FC65B20B1C451BF600B71747 /* AppDelegate.swift in Sources */,
			);
			runOnlyForDeploymentPostprocessing = 0;
		};
/* End PBXSourcesBuildPhase section */

/* Begin PBXVariantGroup section */
		FC65B2101C451BF600B71747 /* Main.storyboard */ = {
			isa = PBXVariantGroup;
			children = (
				FC65B2111C451BF600B71747 /* Base */,
			);
			name = Main.storyboard;
			sourceTree = "<group>";
		};
/* End PBXVariantGroup section */

/* Begin XCBuildConfiguration section */
		FC65B2151C451BF600B71747 /* Debug */ = {
			isa = XCBuildConfiguration;
			buildSettings = {
				ALWAYS_SEARCH_USER_PATHS = NO;
				ASSETCATALOG_COMPILER_APPICON_NAME = AppIcon;
				CLANG_CXX_LANGUAGE_STANDARD = "gnu++0x";
				CLANG_CXX_LIBRARY = "libc++";
				CLANG_ENABLE_MODULES = YES;
				CLANG_ENABLE_OBJC_ARC = YES;
				CLANG_WARN_BOOL_CONVERSION = YES;
				CLANG_WARN_CONSTANT_CONVERSION = YES;
				CLANG_WARN_DIRECT_OBJC_ISA_USAGE = YES_ERROR;
				CLANG_WARN_EMPTY_BODY = YES;
				CLANG_WARN_ENUM_CONVERSION = YES;
				CLANG_WARN_INT_CONVERSION = YES;
				CLANG_WARN_OBJC_ROOT_CLASS = YES_ERROR;
				CLANG_WARN_UNREACHABLE_CODE = YES;
				CLANG_WARN__DUPLICATE_METHOD_MATCH = YES;
				CODE_SIGN_IDENTITY = "-";
				COMBINE_HIDPI_IMAGES = YES;
				COPY_PHASE_STRIP = NO;
				DEBUG_INFORMATION_FORMAT = dwarf;
				ENABLE_STRICT_OBJC_MSGSEND = YES;
				ENABLE_TESTABILITY = YES;
				GCC_C_LANGUAGE_STANDARD = gnu99;
				GCC_DYNAMIC_NO_PIC = NO;
				GCC_NO_COMMON_BLOCKS = YES;
				GCC_OPTIMIZATION_LEVEL = 0;
				GCC_PREPROCESSOR_DEFINITIONS = (
					"DEBUG=1",
					"$(inherited)",
				);
				GCC_WARN_64_TO_32_BIT_CONVERSION = YES;
				GCC_WARN_ABOUT_RETURN_TYPE = YES_ERROR;
				GCC_WARN_UNDECLARED_SELECTOR = YES;
				GCC_WARN_UNINITIALIZED_AUTOS = YES_AGGRESSIVE;
				GCC_WARN_UNUSED_FUNCTION = YES;
				GCC_WARN_UNUSED_VARIABLE = YES;
				INFOPLIST_FILE = "$(SRCROOT)/OS X/Info.plist";
				LD_RUNPATH_SEARCH_PATHS = "$(inherited) @executable_path/../Frameworks";
				MACOSX_DEPLOYMENT_TARGET = 10.11;
				MTL_ENABLE_DEBUG_INFO = YES;
				ONLY_ACTIVE_ARCH = YES;
				PRODUCT_BUNDLE_IDENTIFIER = net.jjc1138.VideoConversionToggler;
				PRODUCT_MODULE_NAME = VideoConversionToggler;
				PRODUCT_NAME = "Video Conversion Toggler";
				SDKROOT = macosx;
				SWIFT_OPTIMIZATION_LEVEL = "-Onone";
			};
			name = Debug;
		};
		FC65B2161C451BF600B71747 /* Release */ = {
			isa = XCBuildConfiguration;
			buildSettings = {
				ALWAYS_SEARCH_USER_PATHS = NO;
				ASSETCATALOG_COMPILER_APPICON_NAME = AppIcon;
				CLANG_CXX_LANGUAGE_STANDARD = "gnu++0x";
				CLANG_CXX_LIBRARY = "libc++";
				CLANG_ENABLE_MODULES = YES;
				CLANG_ENABLE_OBJC_ARC = YES;
				CLANG_WARN_BOOL_CONVERSION = YES;
				CLANG_WARN_CONSTANT_CONVERSION = YES;
				CLANG_WARN_DIRECT_OBJC_ISA_USAGE = YES_ERROR;
				CLANG_WARN_EMPTY_BODY = YES;
				CLANG_WARN_ENUM_CONVERSION = YES;
				CLANG_WARN_INT_CONVERSION = YES;
				CLANG_WARN_OBJC_ROOT_CLASS = YES_ERROR;
				CLANG_WARN_UNREACHABLE_CODE = YES;
				CLANG_WARN__DUPLICATE_METHOD_MATCH = YES;
				CODE_SIGN_IDENTITY = "-";
				COMBINE_HIDPI_IMAGES = YES;
				COPY_PHASE_STRIP = NO;
				DEBUG_INFORMATION_FORMAT = "dwarf-with-dsym";
				ENABLE_NS_ASSERTIONS = NO;
				ENABLE_STRICT_OBJC_MSGSEND = YES;
				GCC_C_LANGUAGE_STANDARD = gnu99;
				GCC_NO_COMMON_BLOCKS = YES;
				GCC_WARN_64_TO_32_BIT_CONVERSION = YES;
				GCC_WARN_ABOUT_RETURN_TYPE = YES_ERROR;
				GCC_WARN_UNDECLARED_SELECTOR = YES;
				GCC_WARN_UNINITIALIZED_AUTOS = YES_AGGRESSIVE;
				GCC_WARN_UNUSED_FUNCTION = YES;
				GCC_WARN_UNUSED_VARIABLE = YES;
				INFOPLIST_FILE = "$(SRCROOT)/OS X/Info.plist";
				LD_RUNPATH_SEARCH_PATHS = "$(inherited) @executable_path/../Frameworks";
				MACOSX_DEPLOYMENT_TARGET = 10.11;
				MTL_ENABLE_DEBUG_INFO = NO;
				PRODUCT_BUNDLE_IDENTIFIER = net.jjc1138.VideoConversionToggler;
				PRODUCT_MODULE_NAME = VideoConversionToggler;
				PRODUCT_NAME = "Video Conversion Toggler";
				SDKROOT = macosx;
			};
			name = Release;
		};
		FC7110411C3AA6B1002755E4 /* Debug */ = {
			isa = XCBuildConfiguration;
			buildSettings = {
			};
			name = Debug;
		};
		FC7110421C3AA6B1002755E4 /* Release */ = {
			isa = XCBuildConfiguration;
			buildSettings = {
			};
			name = Release;
		};
/* End XCBuildConfiguration section */

/* Begin XCConfigurationList section */
		FC65B2141C451BF600B71747 /* Build configuration list for PBXNativeTarget "Video Conversion Toggler (OS X)" */ = {
			isa = XCConfigurationList;
			buildConfigurations = (
				FC65B2151C451BF600B71747 /* Debug */,
				FC65B2161C451BF600B71747 /* Release */,
			);
			defaultConfigurationIsVisible = 0;
		};
		FC7110401C3AA6B1002755E4 /* Build configuration list for PBXProject "Video Conversion Toggler" */ = {
			isa = XCConfigurationList;
			buildConfigurations = (
				FC7110411C3AA6B1002755E4 /* Debug */,
				FC7110421C3AA6B1002755E4 /* Release */,
			);
			defaultConfigurationIsVisible = 0;
			defaultConfigurationName = Release;
		};
/* End XCConfigurationList section */
	};
	rootObject = FC71103D1C3AA6B1002755E4 /* Project object */;
}
