// !$*UTF8*$!
{
	archiveVersion = 1;
	classes = {
	};
	objectVersion = 46;
	objects = {

/* Begin PBXFileReference section */
		FC71104A1C3AA8F6002755E4 /* main.swift */ = {isa = PBXFileReference; lastKnownFileType = sourcecode.swift; path = main.swift; sourceTree = "<group>"; };
/* End PBXFileReference section */

/* Begin PBXGroup section */
		FC71103C1C3AA6B1002755E4 = {
			isa = PBXGroup;
			children = (
				FC7110491C3AA8F6002755E4 /* OS X Command Line */,
				FC7110481C3AA8F6002755E4 /* Products */,
			);
			sourceTree = "<group>";
		};
		FC7110481C3AA8F6002755E4 /* Products */ = {
			isa = PBXGroup;
			children = (
			);
			name = Products;
			sourceTree = "<group>";
		};
		FC7110491C3AA8F6002755E4 /* OS X Command Line */ = {
			isa = PBXGroup;
			children = (
				FC71104A1C3AA8F6002755E4 /* main.swift */,
			);
			path = "OS X Command Line";
			sourceTree = "<group>";
		};
/* End PBXGroup section */

/* Begin PBXProject section */
		FC71103D1C3AA6B1002755E4 /* Project object */ = {
			isa = PBXProject;
			attributes = {
				LastSwiftUpdateCheck = 0720;
				LastUpgradeCheck = 0720;
			};
			buildConfigurationList = FC7110401C3AA6B1002755E4 /* Build configuration list for PBXProject "Video Conversion Toggler" */;
			compatibilityVersion = "Xcode 3.2";
			developmentRegion = English;
			hasScannedForEncodings = 0;
			knownRegions = (
				en,
				Base,
			);
			mainGroup = FC71103C1C3AA6B1002755E4;
			productRefGroup = FC7110481C3AA8F6002755E4 /* Products */;
			projectDirPath = "";
			projectRoot = "";
			targets = (
			);
		};
/* End PBXProject section */

/* Begin XCBuildConfiguration section */
		FC7110411C3AA6B1002755E4 /* Debug */ = {
			isa = XCBuildConfiguration;
			buildSettings = {
			};
			name = Debug;
		};
		FC7110421C3AA6B1002755E4 /* Release */ = {
			isa = XCBuildConfiguration;
			buildSettings = {
			};
			name = Release;
		};
/* End XCBuildConfiguration section */

/* Begin XCConfigurationList section */
		FC7110401C3AA6B1002755E4 /* Build configuration list for PBXProject "Video Conversion Toggler" */ = {
			isa = XCConfigurationList;
			buildConfigurations = (
				FC7110411C3AA6B1002755E4 /* Debug */,
				FC7110421C3AA6B1002755E4 /* Release */,
			);
			defaultConfigurationIsVisible = 0;
			defaultConfigurationName = Release;
		};
/* End XCConfigurationList section */
	};
	rootObject = FC71103D1C3AA6B1002755E4 /* Project object */;
}
