// !$*UTF8*$!
{
	archiveVersion = 1;
	classes = {
	};
	objectVersion = 46;
	objects = {

/* Begin PBXBuildFile section */
		FC5343071C442CA800B8F680 /* Alamofire.swift in Sources */ = {isa = PBXBuildFile; fileRef = FC5342F21C442CA800B8F680 /* Alamofire.swift */; };
		FC5343081C442CA800B8F680 /* Error.swift in Sources */ = {isa = PBXBuildFile; fileRef = FC5342F31C442CA800B8F680 /* Error.swift */; };
		FC5343091C442CA800B8F680 /* Manager.swift in Sources */ = {isa = PBXBuildFile; fileRef = FC5342F41C442CA800B8F680 /* Manager.swift */; };
		FC53430A1C442CA800B8F680 /* ParameterEncoding.swift in Sources */ = {isa = PBXBuildFile; fileRef = FC5342F51C442CA800B8F680 /* ParameterEncoding.swift */; };
		FC53430B1C442CA800B8F680 /* Request.swift in Sources */ = {isa = PBXBuildFile; fileRef = FC5342F61C442CA800B8F680 /* Request.swift */; };
		FC53430C1C442CA800B8F680 /* Response.swift in Sources */ = {isa = PBXBuildFile; fileRef = FC5342F71C442CA800B8F680 /* Response.swift */; };
		FC53430D1C442CA800B8F680 /* Result.swift in Sources */ = {isa = PBXBuildFile; fileRef = FC5342F81C442CA800B8F680 /* Result.swift */; };
		FC53430E1C442CA800B8F680 /* Download.swift in Sources */ = {isa = PBXBuildFile; fileRef = FC5342FA1C442CA800B8F680 /* Download.swift */; };
		FC53430F1C442CA800B8F680 /* MultipartFormData.swift in Sources */ = {isa = PBXBuildFile; fileRef = FC5342FB1C442CA800B8F680 /* MultipartFormData.swift */; };
		FC5343101C442CA800B8F680 /* ResponseSerialization.swift in Sources */ = {isa = PBXBuildFile; fileRef = FC5342FC1C442CA800B8F680 /* ResponseSerialization.swift */; };
		FC5343111C442CA800B8F680 /* ServerTrustPolicy.swift in Sources */ = {isa = PBXBuildFile; fileRef = FC5342FD1C442CA800B8F680 /* ServerTrustPolicy.swift */; };
		FC5343121C442CA800B8F680 /* Stream.swift in Sources */ = {isa = PBXBuildFile; fileRef = FC5342FE1C442CA800B8F680 /* Stream.swift */; };
		FC5343131C442CA800B8F680 /* Upload.swift in Sources */ = {isa = PBXBuildFile; fileRef = FC5342FF1C442CA800B8F680 /* Upload.swift */; };
		FC5343141C442CA800B8F680 /* Validation.swift in Sources */ = {isa = PBXBuildFile; fileRef = FC5343001C442CA800B8F680 /* Validation.swift */; };
		FC71104B1C3AA8F6002755E4 /* main.swift in Sources */ = {isa = PBXBuildFile; fileRef = FC71104A1C3AA8F6002755E4 /* main.swift */; };
		FCB6124D1C3EEC4000D12012 /* HTMLReader.framework in Frameworks */ = {isa = PBXBuildFile; fileRef = FCB612491C3EEB6600D12012 /* HTMLReader.framework */; };
		FCB612511C3EF01C00D12012 /* HTMLReader.framework in CopyFiles */ = {isa = PBXBuildFile; fileRef = FCB612491C3EEB6600D12012 /* HTMLReader.framework */; settings = {ATTRIBUTES = (CodeSignOnCopy, RemoveHeadersOnCopy, ); }; };
/* End PBXBuildFile section */

/* Begin PBXCopyFilesBuildPhase section */
		FCB6124F1C3EEF6100D12012 /* CopyFiles */ = {
			isa = PBXCopyFilesBuildPhase;
			buildActionMask = 2147483647;
			dstPath = "";
			dstSubfolderSpec = 10;
			files = (
				FCB612511C3EF01C00D12012 /* HTMLReader.framework in CopyFiles */,
			);
			runOnlyForDeploymentPostprocessing = 0;
		};
/* End PBXCopyFilesBuildPhase section */

/* Begin PBXFileReference section */
		FC5342F21C442CA800B8F680 /* Alamofire.swift */ = {isa = PBXFileReference; fileEncoding = 4; lastKnownFileType = sourcecode.swift; path = Alamofire.swift; sourceTree = "<group>"; };
		FC5342F31C442CA800B8F680 /* Error.swift */ = {isa = PBXFileReference; fileEncoding = 4; lastKnownFileType = sourcecode.swift; path = Error.swift; sourceTree = "<group>"; };
		FC5342F41C442CA800B8F680 /* Manager.swift */ = {isa = PBXFileReference; fileEncoding = 4; lastKnownFileType = sourcecode.swift; path = Manager.swift; sourceTree = "<group>"; };
		FC5342F51C442CA800B8F680 /* ParameterEncoding.swift */ = {isa = PBXFileReference; fileEncoding = 4; lastKnownFileType = sourcecode.swift; path = ParameterEncoding.swift; sourceTree = "<group>"; };
		FC5342F61C442CA800B8F680 /* Request.swift */ = {isa = PBXFileReference; fileEncoding = 4; lastKnownFileType = sourcecode.swift; path = Request.swift; sourceTree = "<group>"; };
		FC5342F71C442CA800B8F680 /* Response.swift */ = {isa = PBXFileReference; fileEncoding = 4; lastKnownFileType = sourcecode.swift; path = Response.swift; sourceTree = "<group>"; };
		FC5342F81C442CA800B8F680 /* Result.swift */ = {isa = PBXFileReference; fileEncoding = 4; lastKnownFileType = sourcecode.swift; path = Result.swift; sourceTree = "<group>"; };
		FC5342FA1C442CA800B8F680 /* Download.swift */ = {isa = PBXFileReference; fileEncoding = 4; lastKnownFileType = sourcecode.swift; path = Download.swift; sourceTree = "<group>"; };
		FC5342FB1C442CA800B8F680 /* MultipartFormData.swift */ = {isa = PBXFileReference; fileEncoding = 4; lastKnownFileType = sourcecode.swift; path = MultipartFormData.swift; sourceTree = "<group>"; };
		FC5342FC1C442CA800B8F680 /* ResponseSerialization.swift */ = {isa = PBXFileReference; fileEncoding = 4; lastKnownFileType = sourcecode.swift; path = ResponseSerialization.swift; sourceTree = "<group>"; };
		FC5342FD1C442CA800B8F680 /* ServerTrustPolicy.swift */ = {isa = PBXFileReference; fileEncoding = 4; lastKnownFileType = sourcecode.swift; path = ServerTrustPolicy.swift; sourceTree = "<group>"; };
		FC5342FE1C442CA800B8F680 /* Stream.swift */ = {isa = PBXFileReference; fileEncoding = 4; lastKnownFileType = sourcecode.swift; path = Stream.swift; sourceTree = "<group>"; };
		FC5342FF1C442CA800B8F680 /* Upload.swift */ = {isa = PBXFileReference; fileEncoding = 4; lastKnownFileType = sourcecode.swift; path = Upload.swift; sourceTree = "<group>"; };
		FC5343001C442CA800B8F680 /* Validation.swift */ = {isa = PBXFileReference; fileEncoding = 4; lastKnownFileType = sourcecode.swift; path = Validation.swift; sourceTree = "<group>"; };
		FC5343021C442CA800B8F680 /* Alamofire.h */ = {isa = PBXFileReference; fileEncoding = 4; lastKnownFileType = sourcecode.c.h; path = Alamofire.h; sourceTree = "<group>"; };
		FC5343031C442CA800B8F680 /* Info.plist */ = {isa = PBXFileReference; fileEncoding = 4; lastKnownFileType = text.plist.xml; path = Info.plist; sourceTree = "<group>"; };
		FC5343041C442CA800B8F680 /* Info-tvOS.plist */ = {isa = PBXFileReference; fileEncoding = 4; lastKnownFileType = text.plist.xml; path = "Info-tvOS.plist"; sourceTree = "<group>"; };
		FC7110471C3AA8F6002755E4 /* vidconvtoggle */ = {isa = PBXFileReference; explicitFileType = "compiled.mach-o.executable"; includeInIndex = 0; path = vidconvtoggle; sourceTree = BUILT_PRODUCTS_DIR; };
		FC71104A1C3AA8F6002755E4 /* main.swift */ = {isa = PBXFileReference; lastKnownFileType = sourcecode.swift; path = main.swift; sourceTree = "<group>"; };
		FCB612491C3EEB6600D12012 /* HTMLReader.framework */ = {isa = PBXFileReference; lastKnownFileType = wrapper.framework; name = HTMLReader.framework; path = Carthage/Build/Mac/HTMLReader.framework; sourceTree = "<group>"; };
/* End PBXFileReference section */

/* Begin PBXFrameworksBuildPhase section */
		FC7110441C3AA8F6002755E4 /* Frameworks */ = {
			isa = PBXFrameworksBuildPhase;
			buildActionMask = 2147483647;
			files = (
				FCB6124D1C3EEC4000D12012 /* HTMLReader.framework in Frameworks */,
			);
			runOnlyForDeploymentPostprocessing = 0;
		};
/* End PBXFrameworksBuildPhase section */

/* Begin PBXGroup section */
		FC5342F01C442C6F00B8F680 /* Library Sources To Statically Compile For Command-Line Build */ = {
			isa = PBXGroup;
			children = (
				FC5342F11C442C8C00B8F680 /* Alamofire */,
			);
			name = "Library Sources To Statically Compile For Command-Line Build";
			sourceTree = "<group>";
		};
		FC5342F11C442C8C00B8F680 /* Alamofire */ = {
			isa = PBXGroup;
			children = (
				FC5343061C442CA800B8F680 /* Source */,
			);
			name = Alamofire;
			sourceTree = "<group>";
		};
		FC5342F91C442CA800B8F680 /* Core */ = {
			isa = PBXGroup;
			children = (
				FC5342F31C442CA800B8F680 /* Error.swift */,
				FC5342F41C442CA800B8F680 /* Manager.swift */,
				FC5342F51C442CA800B8F680 /* ParameterEncoding.swift */,
				FC5342F61C442CA800B8F680 /* Request.swift */,
				FC5342F71C442CA800B8F680 /* Response.swift */,
				FC5342F81C442CA800B8F680 /* Result.swift */,
			);
			name = Core;
			sourceTree = "<group>";
		};
		FC5343011C442CA800B8F680 /* Features */ = {
			isa = PBXGroup;
			children = (
				FC5342FA1C442CA800B8F680 /* Download.swift */,
				FC5342FB1C442CA800B8F680 /* MultipartFormData.swift */,
				FC5342FC1C442CA800B8F680 /* ResponseSerialization.swift */,
				FC5342FD1C442CA800B8F680 /* ServerTrustPolicy.swift */,
				FC5342FE1C442CA800B8F680 /* Stream.swift */,
				FC5342FF1C442CA800B8F680 /* Upload.swift */,
				FC5343001C442CA800B8F680 /* Validation.swift */,
			);
			name = Features;
			sourceTree = "<group>";
		};
		FC5343051C442CA800B8F680 /* Supporting Files */ = {
			isa = PBXGroup;
			children = (
				FC5343021C442CA800B8F680 /* Alamofire.h */,
				FC5343031C442CA800B8F680 /* Info.plist */,
				FC5343041C442CA800B8F680 /* Info-tvOS.plist */,
			);
			name = "Supporting Files";
			sourceTree = "<group>";
		};
		FC5343061C442CA800B8F680 /* Source */ = {
			isa = PBXGroup;
			children = (
				FC5342F21C442CA800B8F680 /* Alamofire.swift */,
				FC5342F91C442CA800B8F680 /* Core */,
				FC5343011C442CA800B8F680 /* Features */,
				FC5343051C442CA800B8F680 /* Supporting Files */,
			);
			name = Source;
			path = Carthage/Checkouts/Alamofire/Source;
			sourceTree = "<group>";
		};
		FC71103C1C3AA6B1002755E4 = {
			isa = PBXGroup;
			children = (
				FC5342F01C442C6F00B8F680 /* Library Sources To Statically Compile For Command-Line Build */,
				FCB612491C3EEB6600D12012 /* HTMLReader.framework */,
				FC7110491C3AA8F6002755E4 /* OS X Command Line */,
				FC7110481C3AA8F6002755E4 /* Products */,
			);
			sourceTree = "<group>";
		};
		FC7110481C3AA8F6002755E4 /* Products */ = {
			isa = PBXGroup;
			children = (
				FC7110471C3AA8F6002755E4 /* vidconvtoggle */,
			);
			name = Products;
			sourceTree = "<group>";
		};
		FC7110491C3AA8F6002755E4 /* OS X Command Line */ = {
			isa = PBXGroup;
			children = (
				FC71104A1C3AA8F6002755E4 /* main.swift */,
			);
			path = "OS X Command Line";
			sourceTree = "<group>";
		};
/* End PBXGroup section */

/* Begin PBXNativeTarget section */
		FC7110461C3AA8F6002755E4 /* Video Conversion Toggler (OS X Command Line) */ = {
			isa = PBXNativeTarget;
			buildConfigurationList = FC71104C1C3AA8F6002755E4 /* Build configuration list for PBXNativeTarget "Video Conversion Toggler (OS X Command Line)" */;
			buildPhases = (
				FC7110431C3AA8F6002755E4 /* Sources */,
				FC7110441C3AA8F6002755E4 /* Frameworks */,
				FCB6124F1C3EEF6100D12012 /* CopyFiles */,
			);
			buildRules = (
			);
			dependencies = (
			);
			name = "Video Conversion Toggler (OS X Command Line)";
			productName = "Video Conversion Toggler";
			productReference = FC7110471C3AA8F6002755E4 /* vidconvtoggle */;
			productType = "com.apple.product-type.tool";
		};
/* End PBXNativeTarget section */

/* Begin PBXProject section */
		FC71103D1C3AA6B1002755E4 /* Project object */ = {
			isa = PBXProject;
			attributes = {
				LastSwiftUpdateCheck = 0720;
				LastUpgradeCheck = 0720;
				TargetAttributes = {
					FC7110461C3AA8F6002755E4 = {
						CreatedOnToolsVersion = 7.2;
					};
				};
			};
			buildConfigurationList = FC7110401C3AA6B1002755E4 /* Build configuration list for PBXProject "Video Conversion Toggler" */;
			compatibilityVersion = "Xcode 3.2";
			developmentRegion = English;
			hasScannedForEncodings = 0;
			knownRegions = (
				en,
				Base,
			);
			mainGroup = FC71103C1C3AA6B1002755E4;
			productRefGroup = FC7110481C3AA8F6002755E4 /* Products */;
			projectDirPath = "";
			projectRoot = "";
			targets = (
				FC7110461C3AA8F6002755E4 /* Video Conversion Toggler (OS X Command Line) */,
			);
		};
/* End PBXProject section */

/* Begin PBXSourcesBuildPhase section */
		FC7110431C3AA8F6002755E4 /* Sources */ = {
			isa = PBXSourcesBuildPhase;
			buildActionMask = 2147483647;
			files = (
				FC5343131C442CA800B8F680 /* Upload.swift in Sources */,
				FC53430E1C442CA800B8F680 /* Download.swift in Sources */,
				FC5343071C442CA800B8F680 /* Alamofire.swift in Sources */,
				FC53430B1C442CA800B8F680 /* Request.swift in Sources */,
				FC5343111C442CA800B8F680 /* ServerTrustPolicy.swift in Sources */,
				FC5343081C442CA800B8F680 /* Error.swift in Sources */,
				FC53430F1C442CA800B8F680 /* MultipartFormData.swift in Sources */,
				FC53430A1C442CA800B8F680 /* ParameterEncoding.swift in Sources */,
				FC71104B1C3AA8F6002755E4 /* main.swift in Sources */,
				FC5343091C442CA800B8F680 /* Manager.swift in Sources */,
				FC5343121C442CA800B8F680 /* Stream.swift in Sources */,
				FC5343101C442CA800B8F680 /* ResponseSerialization.swift in Sources */,
				FC53430D1C442CA800B8F680 /* Result.swift in Sources */,
				FC5343141C442CA800B8F680 /* Validation.swift in Sources */,
				FC53430C1C442CA800B8F680 /* Response.swift in Sources */,
			);
			runOnlyForDeploymentPostprocessing = 0;
		};
/* End PBXSourcesBuildPhase section */

/* Begin XCBuildConfiguration section */
		FC7110411C3AA6B1002755E4 /* Debug */ = {
			isa = XCBuildConfiguration;
			buildSettings = {
			};
			name = Debug;
		};
		FC7110421C3AA6B1002755E4 /* Release */ = {
			isa = XCBuildConfiguration;
			buildSettings = {
			};
			name = Release;
		};
		FC71104D1C3AA8F6002755E4 /* Debug */ = {
			isa = XCBuildConfiguration;
			buildSettings = {
				ALWAYS_SEARCH_USER_PATHS = NO;
				CLANG_CXX_LANGUAGE_STANDARD = "gnu++0x";
				CLANG_CXX_LIBRARY = "libc++";
				CLANG_ENABLE_MODULES = YES;
				CLANG_ENABLE_OBJC_ARC = YES;
				CLANG_WARN_BOOL_CONVERSION = YES;
				CLANG_WARN_CONSTANT_CONVERSION = YES;
				CLANG_WARN_DIRECT_OBJC_ISA_USAGE = YES_ERROR;
				CLANG_WARN_EMPTY_BODY = YES;
				CLANG_WARN_ENUM_CONVERSION = YES;
				CLANG_WARN_INT_CONVERSION = YES;
				CLANG_WARN_OBJC_ROOT_CLASS = YES_ERROR;
				CLANG_WARN_UNREACHABLE_CODE = YES;
				CLANG_WARN__DUPLICATE_METHOD_MATCH = YES;
				CODE_SIGN_IDENTITY = "-";
				COPY_PHASE_STRIP = NO;
				DEBUG_INFORMATION_FORMAT = dwarf;
				ENABLE_STRICT_OBJC_MSGSEND = YES;
				ENABLE_TESTABILITY = YES;
				FRAMEWORK_SEARCH_PATHS = (
					"$(inherited)",
					"$(PROJECT_DIR)/Carthage/Build/Mac",
				);
				GCC_C_LANGUAGE_STANDARD = gnu99;
				GCC_DYNAMIC_NO_PIC = NO;
				GCC_NO_COMMON_BLOCKS = YES;
				GCC_OPTIMIZATION_LEVEL = 0;
				GCC_PREPROCESSOR_DEFINITIONS = (
					"DEBUG=1",
					"$(inherited)",
				);
				GCC_WARN_64_TO_32_BIT_CONVERSION = YES;
				GCC_WARN_ABOUT_RETURN_TYPE = YES_ERROR;
				GCC_WARN_UNDECLARED_SELECTOR = YES;
				GCC_WARN_UNINITIALIZED_AUTOS = YES_AGGRESSIVE;
				GCC_WARN_UNUSED_FUNCTION = YES;
				GCC_WARN_UNUSED_VARIABLE = YES;
				MACOSX_DEPLOYMENT_TARGET = 10.11;
				MTL_ENABLE_DEBUG_INFO = YES;
				ONLY_ACTIVE_ARCH = YES;
				PRODUCT_MODULE_NAME = VideoConversionToggler;
				PRODUCT_NAME = vidconvtoggle;
				SDKROOT = macosx;
				SWIFT_OPTIMIZATION_LEVEL = "-Onone";
			};
			name = Debug;
		};
		FC71104E1C3AA8F6002755E4 /* Release */ = {
			isa = XCBuildConfiguration;
			buildSettings = {
				ALWAYS_SEARCH_USER_PATHS = NO;
				CLANG_CXX_LANGUAGE_STANDARD = "gnu++0x";
				CLANG_CXX_LIBRARY = "libc++";
				CLANG_ENABLE_MODULES = YES;
				CLANG_ENABLE_OBJC_ARC = YES;
				CLANG_WARN_BOOL_CONVERSION = YES;
				CLANG_WARN_CONSTANT_CONVERSION = YES;
				CLANG_WARN_DIRECT_OBJC_ISA_USAGE = YES_ERROR;
				CLANG_WARN_EMPTY_BODY = YES;
				CLANG_WARN_ENUM_CONVERSION = YES;
				CLANG_WARN_INT_CONVERSION = YES;
				CLANG_WARN_OBJC_ROOT_CLASS = YES_ERROR;
				CLANG_WARN_UNREACHABLE_CODE = YES;
				CLANG_WARN__DUPLICATE_METHOD_MATCH = YES;
				CODE_SIGN_IDENTITY = "-";
				COPY_PHASE_STRIP = NO;
				DEBUG_INFORMATION_FORMAT = "dwarf-with-dsym";
				ENABLE_NS_ASSERTIONS = NO;
				ENABLE_STRICT_OBJC_MSGSEND = YES;
				FRAMEWORK_SEARCH_PATHS = (
					"$(inherited)",
					"$(PROJECT_DIR)/Carthage/Build/Mac",
				);
				GCC_C_LANGUAGE_STANDARD = gnu99;
				GCC_NO_COMMON_BLOCKS = YES;
				GCC_WARN_64_TO_32_BIT_CONVERSION = YES;
				GCC_WARN_ABOUT_RETURN_TYPE = YES_ERROR;
				GCC_WARN_UNDECLARED_SELECTOR = YES;
				GCC_WARN_UNINITIALIZED_AUTOS = YES_AGGRESSIVE;
				GCC_WARN_UNUSED_FUNCTION = YES;
				GCC_WARN_UNUSED_VARIABLE = YES;
				MACOSX_DEPLOYMENT_TARGET = 10.11;
				MTL_ENABLE_DEBUG_INFO = NO;
				PRODUCT_MODULE_NAME = VideoConversionToggler;
				PRODUCT_NAME = vidconvtoggle;
				SDKROOT = macosx;
			};
			name = Release;
		};
/* End XCBuildConfiguration section */

/* Begin XCConfigurationList section */
		FC7110401C3AA6B1002755E4 /* Build configuration list for PBXProject "Video Conversion Toggler" */ = {
			isa = XCConfigurationList;
			buildConfigurations = (
				FC7110411C3AA6B1002755E4 /* Debug */,
				FC7110421C3AA6B1002755E4 /* Release */,
			);
			defaultConfigurationIsVisible = 0;
			defaultConfigurationName = Release;
		};
		FC71104C1C3AA8F6002755E4 /* Build configuration list for PBXNativeTarget "Video Conversion Toggler (OS X Command Line)" */ = {
			isa = XCConfigurationList;
			buildConfigurations = (
				FC71104D1C3AA8F6002755E4 /* Debug */,
				FC71104E1C3AA8F6002755E4 /* Release */,
			);
			defaultConfigurationIsVisible = 0;
			defaultConfigurationName = Release;
		};
/* End XCConfigurationList section */
	};
	rootObject = FC71103D1C3AA6B1002755E4 /* Project object */;
}
